// !$*UTF8*$!
{
	archiveVersion = 1;
	classes = {
	};
	objectVersion = 46;
	objects = {

/* Begin PBXBuildFile section */
		9F5908DB1892A4F9000128A0 /* MKAnnotationView+WebCache.m in Sources */ = {isa = PBXBuildFile; fileRef = 9F5908BF1892A4F9000128A0 /* MKAnnotationView+WebCache.m */; };
		9F5908DC1892A4F9000128A0 /* NSData+ImageContentType.m in Sources */ = {isa = PBXBuildFile; fileRef = 9F5908C11892A4F9000128A0 /* NSData+ImageContentType.m */; };
		9F5908DD1892A4F9000128A0 /* SDImageCache.m in Sources */ = {isa = PBXBuildFile; fileRef = 9F5908C31892A4F9000128A0 /* SDImageCache.m */; };
		9F5908DE1892A4F9000128A0 /* SDWebImageCompat.m in Sources */ = {isa = PBXBuildFile; fileRef = 9F5908C51892A4F9000128A0 /* SDWebImageCompat.m */; };
		9F5908DF1892A4F9000128A0 /* SDWebImageDecoder.m in Sources */ = {isa = PBXBuildFile; fileRef = 9F5908C71892A4F9000128A0 /* SDWebImageDecoder.m */; };
		9F5908E01892A4F9000128A0 /* SDWebImageDownloader.m in Sources */ = {isa = PBXBuildFile; fileRef = 9F5908C91892A4F9000128A0 /* SDWebImageDownloader.m */; };
		9F5908E11892A4F9000128A0 /* SDWebImageDownloaderOperation.m in Sources */ = {isa = PBXBuildFile; fileRef = 9F5908CB1892A4F9000128A0 /* SDWebImageDownloaderOperation.m */; };
		9F5908E21892A4F9000128A0 /* SDWebImageManager.m in Sources */ = {isa = PBXBuildFile; fileRef = 9F5908CD1892A4F9000128A0 /* SDWebImageManager.m */; };
		9F5908E31892A4F9000128A0 /* SDWebImagePrefetcher.m in Sources */ = {isa = PBXBuildFile; fileRef = 9F5908D01892A4F9000128A0 /* SDWebImagePrefetcher.m */; };
		9F5908E41892A4F9000128A0 /* UIButton+WebCache.m in Sources */ = {isa = PBXBuildFile; fileRef = 9F5908D21892A4F9000128A0 /* UIButton+WebCache.m */; };
		9F5908E51892A4F9000128A0 /* UIImage+GIF.m in Sources */ = {isa = PBXBuildFile; fileRef = 9F5908D41892A4F9000128A0 /* UIImage+GIF.m */; };
		9F5908E61892A4F9000128A0 /* UIImage+MultiFormat.m in Sources */ = {isa = PBXBuildFile; fileRef = 9F5908D61892A4F9000128A0 /* UIImage+MultiFormat.m */; };
		9F5908E71892A4F9000128A0 /* UIImage+WebP.m in Sources */ = {isa = PBXBuildFile; fileRef = 9F5908D81892A4F9000128A0 /* UIImage+WebP.m */; };
		9F5908E81892A4F9000128A0 /* UIImageView+WebCache.m in Sources */ = {isa = PBXBuildFile; fileRef = 9F5908DA1892A4F9000128A0 /* UIImageView+WebCache.m */; };
		9F5CAC7A18944EC400C15592 /* EtrafaSorHTTPRequestResponseManager.m in Sources */ = {isa = PBXBuildFile; fileRef = 9F5CAC7918944EC400C15592 /* EtrafaSorHTTPRequestResponseManager.m */; };
		9F5E64E118913121002067F6 /* MessageBoardViewController.m in Sources */ = {isa = PBXBuildFile; fileRef = 9F5E64E018913121002067F6 /* MessageBoardViewController.m */; };
		9F5E64E418913B7F002067F6 /* CreateQuestionViewController.m in Sources */ = {isa = PBXBuildFile; fileRef = 9F5E64E318913B7F002067F6 /* CreateQuestionViewController.m */; };
		9F5F87E91890145600428918 /* Profile.m in Sources */ = {isa = PBXBuildFile; fileRef = 9F5F87E81890145600428918 /* Profile.m */; };
		9F5F87EC189015C300428918 /* Message.m in Sources */ = {isa = PBXBuildFile; fileRef = 9F5F87EB189015C300428918 /* Message.m */; };
		9F5F87EF189015DE00428918 /* Question.m in Sources */ = {isa = PBXBuildFile; fileRef = 9F5F87EE189015DE00428918 /* Question.m */; };
		9F5F87F21890437000428918 /* EtrafaSorHTTPRequestHandler.m in Sources */ = {isa = PBXBuildFile; fileRef = 9F5F87F11890437000428918 /* EtrafaSorHTTPRequestHandler.m */; };
		9F5F87F518905CEF00428918 /* ProfileViewController.m in Sources */ = {isa = PBXBuildFile; fileRef = 9F5F87F418905CEF00428918 /* ProfileViewController.m */; };
		9F5F87F818905D2300428918 /* QuestionsTableViewController.m in Sources */ = {isa = PBXBuildFile; fileRef = 9F5F87F718905D2300428918 /* QuestionsTableViewController.m */; };
		9FB6C849189129F400CD5427 /* NSString+JSMessagesView.m in Sources */ = {isa = PBXBuildFile; fileRef = 9FB6C7F8189129F400CD5427 /* NSString+JSMessagesView.m */; };
		9FB6C84A189129F400CD5427 /* UIColor+JSMessagesView.m in Sources */ = {isa = PBXBuildFile; fileRef = 9FB6C7FA189129F400CD5427 /* UIColor+JSMessagesView.m */; };
		9FB6C84B189129F400CD5427 /* UIImage+JSMessagesView.m in Sources */ = {isa = PBXBuildFile; fileRef = 9FB6C7FC189129F400CD5427 /* UIImage+JSMessagesView.m */; };
		9FB6C84C189129F400CD5427 /* JSAvatarImageFactory.m in Sources */ = {isa = PBXBuildFile; fileRef = 9FB6C7FF189129F400CD5427 /* JSAvatarImageFactory.m */; };
		9FB6C84D189129F400CD5427 /* JSBubbleImageViewFactory.m in Sources */ = {isa = PBXBuildFile; fileRef = 9FB6C801189129F400CD5427 /* JSBubbleImageViewFactory.m */; };
		9FB6C84E189129F400CD5427 /* JSBubbleMessageCell.m in Sources */ = {isa = PBXBuildFile; fileRef = 9FB6C803189129F400CD5427 /* JSBubbleMessageCell.m */; };
		9FB6C84F189129F400CD5427 /* JSBubbleView.m in Sources */ = {isa = PBXBuildFile; fileRef = 9FB6C805189129F400CD5427 /* JSBubbleView.m */; };
		9FB6C850189129F400CD5427 /* JSDismissiveTextView.m in Sources */ = {isa = PBXBuildFile; fileRef = 9FB6C807189129F400CD5427 /* JSDismissiveTextView.m */; };
		9FB6C851189129F400CD5427 /* JSMessage.m in Sources */ = {isa = PBXBuildFile; fileRef = 9FB6C809189129F400CD5427 /* JSMessage.m */; };
		9FB6C852189129F400CD5427 /* JSMessageInputView.m in Sources */ = {isa = PBXBuildFile; fileRef = 9FB6C80B189129F400CD5427 /* JSMessageInputView.m */; };
		9FB6C853189129F400CD5427 /* JSMessageSoundEffect.m in Sources */ = {isa = PBXBuildFile; fileRef = 9FB6C80D189129F400CD5427 /* JSMessageSoundEffect.m */; };
		9FB6C854189129F400CD5427 /* JSMessagesViewController.m in Sources */ = {isa = PBXBuildFile; fileRef = 9FB6C80F189129F400CD5427 /* JSMessagesViewController.m */; };
		9FB6C855189129F400CD5427 /* JSMessageTableView.m in Sources */ = {isa = PBXBuildFile; fileRef = 9FB6C811189129F400CD5427 /* JSMessageTableView.m */; };
		9FB6C856189129F400CD5427 /* JSMessageTextView.m in Sources */ = {isa = PBXBuildFile; fileRef = 9FB6C813189129F400CD5427 /* JSMessageTextView.m */; };
		9FB6C857189129F400CD5427 /* avatar-placeholder.png in Resources */ = {isa = PBXBuildFile; fileRef = 9FB6C817189129F400CD5427 /* avatar-placeholder.png */; };
		9FB6C858189129F400CD5427 /* avatar-placeholder@2x.png in Resources */ = {isa = PBXBuildFile; fileRef = 9FB6C818189129F400CD5427 /* avatar-placeholder@2x.png */; };
		9FB6C859189129F400CD5427 /* bubble-classic-blue.png in Resources */ = {isa = PBXBuildFile; fileRef = 9FB6C81A189129F400CD5427 /* bubble-classic-blue.png */; };
		9FB6C85A189129F400CD5427 /* bubble-classic-blue@2x.png in Resources */ = {isa = PBXBuildFile; fileRef = 9FB6C81B189129F400CD5427 /* bubble-classic-blue@2x.png */; };
		9FB6C85B189129F400CD5427 /* bubble-classic-gray.png in Resources */ = {isa = PBXBuildFile; fileRef = 9FB6C81C189129F400CD5427 /* bubble-classic-gray.png */; };
		9FB6C85C189129F400CD5427 /* bubble-classic-gray@2x.png in Resources */ = {isa = PBXBuildFile; fileRef = 9FB6C81D189129F400CD5427 /* bubble-classic-gray@2x.png */; };
		9FB6C85D189129F400CD5427 /* bubble-classic-green.png in Resources */ = {isa = PBXBuildFile; fileRef = 9FB6C81E189129F400CD5427 /* bubble-classic-green.png */; };
		9FB6C85E189129F400CD5427 /* bubble-classic-green@2x.png in Resources */ = {isa = PBXBuildFile; fileRef = 9FB6C81F189129F400CD5427 /* bubble-classic-green@2x.png */; };
		9FB6C85F189129F400CD5427 /* bubble-classic-selected.png in Resources */ = {isa = PBXBuildFile; fileRef = 9FB6C820189129F400CD5427 /* bubble-classic-selected.png */; };
		9FB6C860189129F400CD5427 /* bubble-classic-selected@2x.png in Resources */ = {isa = PBXBuildFile; fileRef = 9FB6C821189129F400CD5427 /* bubble-classic-selected@2x.png */; };
		9FB6C861189129F400CD5427 /* bubble-classic-typing.png in Resources */ = {isa = PBXBuildFile; fileRef = 9FB6C822189129F400CD5427 /* bubble-classic-typing.png */; };
		9FB6C862189129F400CD5427 /* bubble-classic-typing@2x.png in Resources */ = {isa = PBXBuildFile; fileRef = 9FB6C823189129F400CD5427 /* bubble-classic-typing@2x.png */; };
		9FB6C863189129F400CD5427 /* bubble-classic-square-blue.png in Resources */ = {isa = PBXBuildFile; fileRef = 9FB6C825189129F400CD5427 /* bubble-classic-square-blue.png */; };
		9FB6C864189129F400CD5427 /* bubble-classic-square-blue@2x.png in Resources */ = {isa = PBXBuildFile; fileRef = 9FB6C826189129F400CD5427 /* bubble-classic-square-blue@2x.png */; };
		9FB6C865189129F400CD5427 /* bubble-classic-square-gray.png in Resources */ = {isa = PBXBuildFile; fileRef = 9FB6C827189129F400CD5427 /* bubble-classic-square-gray.png */; };
		9FB6C866189129F400CD5427 /* bubble-classic-square-gray@2x.png in Resources */ = {isa = PBXBuildFile; fileRef = 9FB6C828189129F400CD5427 /* bubble-classic-square-gray@2x.png */; };
		9FB6C867189129F400CD5427 /* bubble-classic-square-selected.png in Resources */ = {isa = PBXBuildFile; fileRef = 9FB6C829189129F400CD5427 /* bubble-classic-square-selected.png */; };
		9FB6C868189129F400CD5427 /* bubble-classic-square-selected@2x.png in Resources */ = {isa = PBXBuildFile; fileRef = 9FB6C82A189129F400CD5427 /* bubble-classic-square-selected@2x.png */; };
		9FB6C869189129F400CD5427 /* bubble-min-tailless.png in Resources */ = {isa = PBXBuildFile; fileRef = 9FB6C82C189129F400CD5427 /* bubble-min-tailless.png */; };
		9FB6C86A189129F400CD5427 /* bubble-min-tailless@2x.png in Resources */ = {isa = PBXBuildFile; fileRef = 9FB6C82D189129F400CD5427 /* bubble-min-tailless@2x.png */; };
		9FB6C86B189129F400CD5427 /* bubble-min.png in Resources */ = {isa = PBXBuildFile; fileRef = 9FB6C82E189129F400CD5427 /* bubble-min.png */; };
		9FB6C86C189129F400CD5427 /* bubble-min@2x.png in Resources */ = {isa = PBXBuildFile; fileRef = 9FB6C82F189129F400CD5427 /* bubble-min@2x.png */; };
		9FB6C86D189129F400CD5427 /* bubble-stroked-tailless.png in Resources */ = {isa = PBXBuildFile; fileRef = 9FB6C830189129F400CD5427 /* bubble-stroked-tailless.png */; };
		9FB6C86E189129F400CD5427 /* bubble-stroked-tailless@2x.png in Resources */ = {isa = PBXBuildFile; fileRef = 9FB6C831189129F400CD5427 /* bubble-stroked-tailless@2x.png */; };
		9FB6C86F189129F400CD5427 /* bubble-stroked.png in Resources */ = {isa = PBXBuildFile; fileRef = 9FB6C832189129F400CD5427 /* bubble-stroked.png */; };
		9FB6C870189129F400CD5427 /* bubble-stroked@2x.png in Resources */ = {isa = PBXBuildFile; fileRef = 9FB6C833189129F400CD5427 /* bubble-stroked@2x.png */; };
		9FB6C871189129F400CD5427 /* bubble-tailless.png in Resources */ = {isa = PBXBuildFile; fileRef = 9FB6C834189129F400CD5427 /* bubble-tailless.png */; };
		9FB6C872189129F400CD5427 /* bubble-tailless@2x.png in Resources */ = {isa = PBXBuildFile; fileRef = 9FB6C835189129F400CD5427 /* bubble-tailless@2x.png */; };
		9FB6C873189129F400CD5427 /* bubble.png in Resources */ = {isa = PBXBuildFile; fileRef = 9FB6C836189129F400CD5427 /* bubble.png */; };
		9FB6C874189129F400CD5427 /* bubble@2x.png in Resources */ = {isa = PBXBuildFile; fileRef = 9FB6C837189129F400CD5427 /* bubble@2x.png */; };
		9FB6C875189129F400CD5427 /* input-bar-background.png in Resources */ = {isa = PBXBuildFile; fileRef = 9FB6C839189129F400CD5427 /* input-bar-background.png */; };
		9FB6C876189129F400CD5427 /* input-bar-background@2x.png in Resources */ = {isa = PBXBuildFile; fileRef = 9FB6C83A189129F400CD5427 /* input-bar-background@2x.png */; };
		9FB6C877189129F400CD5427 /* input-field-cover.png in Resources */ = {isa = PBXBuildFile; fileRef = 9FB6C83B189129F400CD5427 /* input-field-cover.png */; };
		9FB6C878189129F400CD5427 /* input-field-cover@2x.png in Resources */ = {isa = PBXBuildFile; fileRef = 9FB6C83C189129F400CD5427 /* input-field-cover@2x.png */; };
		9FB6C879189129F400CD5427 /* send-button-pressed.png in Resources */ = {isa = PBXBuildFile; fileRef = 9FB6C83D189129F400CD5427 /* send-button-pressed.png */; };
		9FB6C87A189129F400CD5427 /* send-button-pressed@2x.png in Resources */ = {isa = PBXBuildFile; fileRef = 9FB6C83E189129F400CD5427 /* send-button-pressed@2x.png */; };
		9FB6C87B189129F400CD5427 /* send-button.png in Resources */ = {isa = PBXBuildFile; fileRef = 9FB6C83F189129F400CD5427 /* send-button.png */; };
		9FB6C87C189129F400CD5427 /* send-button@2x.png in Resources */ = {isa = PBXBuildFile; fileRef = 9FB6C840189129F400CD5427 /* send-button@2x.png */; };
		9FB6C87D189129F400CD5427 /* button-photo.png in Resources */ = {isa = PBXBuildFile; fileRef = 9FB6C842189129F400CD5427 /* button-photo.png */; };
		9FB6C87E189129F400CD5427 /* button-photo@2x.png in Resources */ = {isa = PBXBuildFile; fileRef = 9FB6C843189129F400CD5427 /* button-photo@2x.png */; };
		9FB6C87F189129F400CD5427 /* input-bar-flat.png in Resources */ = {isa = PBXBuildFile; fileRef = 9FB6C844189129F400CD5427 /* input-bar-flat.png */; };
		9FB6C880189129F400CD5427 /* input-bar-flat@2x.png in Resources */ = {isa = PBXBuildFile; fileRef = 9FB6C845189129F400CD5427 /* input-bar-flat@2x.png */; };
		9FB6C881189129F400CD5427 /* message-received.aiff in Resources */ = {isa = PBXBuildFile; fileRef = 9FB6C847189129F400CD5427 /* message-received.aiff */; };
		9FB6C882189129F400CD5427 /* message-sent.aiff in Resources */ = {isa = PBXBuildFile; fileRef = 9FB6C848189129F400CD5427 /* message-sent.aiff */; };
		9FB6C88718912AC100CD5427 /* JSQSystemSoundPlayer.m in Sources */ = {isa = PBXBuildFile; fileRef = 9FB6C88618912AC100CD5427 /* JSQSystemSoundPlayer.m */; };
		9FB6C88918912ADD00CD5427 /* AudioToolbox.framework in Frameworks */ = {isa = PBXBuildFile; fileRef = 9FB6C88818912ADD00CD5427 /* AudioToolbox.framework */; };
		9FB6C88B18912B0700CD5427 /* QuartzCore.framework in Frameworks */ = {isa = PBXBuildFile; fileRef = 9FB6C88A18912B0700CD5427 /* QuartzCore.framework */; };
		9FDD89A5188E818500DC7BB9 /* Foundation.framework in Frameworks */ = {isa = PBXBuildFile; fileRef = 9FDD89A4188E818500DC7BB9 /* Foundation.framework */; };
		9FDD89A7188E818500DC7BB9 /* CoreGraphics.framework in Frameworks */ = {isa = PBXBuildFile; fileRef = 9FDD89A6188E818500DC7BB9 /* CoreGraphics.framework */; };
		9FDD89A9188E818500DC7BB9 /* UIKit.framework in Frameworks */ = {isa = PBXBuildFile; fileRef = 9FDD89A8188E818500DC7BB9 /* UIKit.framework */; };
		9FDD89AF188E818500DC7BB9 /* InfoPlist.strings in Resources */ = {isa = PBXBuildFile; fileRef = 9FDD89AD188E818500DC7BB9 /* InfoPlist.strings */; };
		9FDD89B1188E818500DC7BB9 /* main.m in Sources */ = {isa = PBXBuildFile; fileRef = 9FDD89B0188E818500DC7BB9 /* main.m */; };
		9FDD89B5188E818500DC7BB9 /* AppDelegate.m in Sources */ = {isa = PBXBuildFile; fileRef = 9FDD89B4188E818500DC7BB9 /* AppDelegate.m */; };
		9FDD89B8188E818500DC7BB9 /* iPhone.storyboard in Resources */ = {isa = PBXBuildFile; fileRef = 9FDD89B6188E818500DC7BB9 /* iPhone.storyboard */; };
		9FDD89BB188E818500DC7BB9 /* iPad.storyboard in Resources */ = {isa = PBXBuildFile; fileRef = 9FDD89B9188E818500DC7BB9 /* iPad.storyboard */; };
		9FDD89BE188E818500DC7BB9 /* LoginViewController.m in Sources */ = {isa = PBXBuildFile; fileRef = 9FDD89BD188E818500DC7BB9 /* LoginViewController.m */; };
		9FDD89C0188E818500DC7BB9 /* Images.xcassets in Resources */ = {isa = PBXBuildFile; fileRef = 9FDD89BF188E818500DC7BB9 /* Images.xcassets */; };
		9FDD89C7188E818500DC7BB9 /* XCTest.framework in Frameworks */ = {isa = PBXBuildFile; fileRef = 9FDD89C6188E818500DC7BB9 /* XCTest.framework */; };
		9FDD89C8188E818500DC7BB9 /* Foundation.framework in Frameworks */ = {isa = PBXBuildFile; fileRef = 9FDD89A4188E818500DC7BB9 /* Foundation.framework */; };
		9FDD89C9188E818500DC7BB9 /* UIKit.framework in Frameworks */ = {isa = PBXBuildFile; fileRef = 9FDD89A8188E818500DC7BB9 /* UIKit.framework */; };
		9FDD89D1188E818500DC7BB9 /* InfoPlist.strings in Resources */ = {isa = PBXBuildFile; fileRef = 9FDD89CF188E818500DC7BB9 /* InfoPlist.strings */; };
		9FDD89D3188E818500DC7BB9 /* EtrafaSorTests.m in Sources */ = {isa = PBXBuildFile; fileRef = 9FDD89D2188E818500DC7BB9 /* EtrafaSorTests.m */; };
		9FDD89DE188E919C00DC7BB9 /* MapViewController.m in Sources */ = {isa = PBXBuildFile; fileRef = 9FDD89DD188E919C00DC7BB9 /* MapViewController.m */; };
		9FDD89E0188E96F200DC7BB9 /* Security.framework in Frameworks */ = {isa = PBXBuildFile; fileRef = 9FDD89DF188E96F200DC7BB9 /* Security.framework */; };
		9FE50D91188F13B800F5C370 /* MapKit.framework in Frameworks */ = {isa = PBXBuildFile; fileRef = 9FE50D90188F13B800F5C370 /* MapKit.framework */; };
		9FE67C6B18942114009E8B85 /* SignUpViewController.m in Sources */ = {isa = PBXBuildFile; fileRef = 9FE67C6A18942114009E8B85 /* SignUpViewController.m */; };
/* End PBXBuildFile section */

/* Begin PBXContainerItemProxy section */
		9FDD89CA188E818500DC7BB9 /* PBXContainerItemProxy */ = {
			isa = PBXContainerItemProxy;
			containerPortal = 9FDD8999188E818500DC7BB9 /* Project object */;
			proxyType = 1;
			remoteGlobalIDString = 9FDD89A0188E818500DC7BB9;
			remoteInfo = EtrafaSor;
		};
/* End PBXContainerItemProxy section */

/* Begin PBXFileReference section */
		9F5908BE1892A4F9000128A0 /* MKAnnotationView+WebCache.h */ = {isa = PBXFileReference; fileEncoding = 4; lastKnownFileType = sourcecode.c.h; path = "MKAnnotationView+WebCache.h"; sourceTree = "<group>"; };
		9F5908BF1892A4F9000128A0 /* MKAnnotationView+WebCache.m */ = {isa = PBXFileReference; fileEncoding = 4; lastKnownFileType = sourcecode.c.objc; path = "MKAnnotationView+WebCache.m"; sourceTree = "<group>"; };
		9F5908C01892A4F9000128A0 /* NSData+ImageContentType.h */ = {isa = PBXFileReference; fileEncoding = 4; lastKnownFileType = sourcecode.c.h; path = "NSData+ImageContentType.h"; sourceTree = "<group>"; };
		9F5908C11892A4F9000128A0 /* NSData+ImageContentType.m */ = {isa = PBXFileReference; fileEncoding = 4; lastKnownFileType = sourcecode.c.objc; path = "NSData+ImageContentType.m"; sourceTree = "<group>"; };
		9F5908C21892A4F9000128A0 /* SDImageCache.h */ = {isa = PBXFileReference; fileEncoding = 4; lastKnownFileType = sourcecode.c.h; path = SDImageCache.h; sourceTree = "<group>"; };
		9F5908C31892A4F9000128A0 /* SDImageCache.m */ = {isa = PBXFileReference; fileEncoding = 4; lastKnownFileType = sourcecode.c.objc; path = SDImageCache.m; sourceTree = "<group>"; };
		9F5908C41892A4F9000128A0 /* SDWebImageCompat.h */ = {isa = PBXFileReference; fileEncoding = 4; lastKnownFileType = sourcecode.c.h; path = SDWebImageCompat.h; sourceTree = "<group>"; };
		9F5908C51892A4F9000128A0 /* SDWebImageCompat.m */ = {isa = PBXFileReference; fileEncoding = 4; lastKnownFileType = sourcecode.c.objc; path = SDWebImageCompat.m; sourceTree = "<group>"; };
		9F5908C61892A4F9000128A0 /* SDWebImageDecoder.h */ = {isa = PBXFileReference; fileEncoding = 4; lastKnownFileType = sourcecode.c.h; path = SDWebImageDecoder.h; sourceTree = "<group>"; };
		9F5908C71892A4F9000128A0 /* SDWebImageDecoder.m */ = {isa = PBXFileReference; fileEncoding = 4; lastKnownFileType = sourcecode.c.objc; path = SDWebImageDecoder.m; sourceTree = "<group>"; };
		9F5908C81892A4F9000128A0 /* SDWebImageDownloader.h */ = {isa = PBXFileReference; fileEncoding = 4; lastKnownFileType = sourcecode.c.h; path = SDWebImageDownloader.h; sourceTree = "<group>"; };
		9F5908C91892A4F9000128A0 /* SDWebImageDownloader.m */ = {isa = PBXFileReference; fileEncoding = 4; lastKnownFileType = sourcecode.c.objc; path = SDWebImageDownloader.m; sourceTree = "<group>"; };
		9F5908CA1892A4F9000128A0 /* SDWebImageDownloaderOperation.h */ = {isa = PBXFileReference; fileEncoding = 4; lastKnownFileType = sourcecode.c.h; path = SDWebImageDownloaderOperation.h; sourceTree = "<group>"; };
		9F5908CB1892A4F9000128A0 /* SDWebImageDownloaderOperation.m */ = {isa = PBXFileReference; fileEncoding = 4; lastKnownFileType = sourcecode.c.objc; path = SDWebImageDownloaderOperation.m; sourceTree = "<group>"; };
		9F5908CC1892A4F9000128A0 /* SDWebImageManager.h */ = {isa = PBXFileReference; fileEncoding = 4; lastKnownFileType = sourcecode.c.h; path = SDWebImageManager.h; sourceTree = "<group>"; };
		9F5908CD1892A4F9000128A0 /* SDWebImageManager.m */ = {isa = PBXFileReference; fileEncoding = 4; lastKnownFileType = sourcecode.c.objc; path = SDWebImageManager.m; sourceTree = "<group>"; };
		9F5908CE1892A4F9000128A0 /* SDWebImageOperation.h */ = {isa = PBXFileReference; fileEncoding = 4; lastKnownFileType = sourcecode.c.h; path = SDWebImageOperation.h; sourceTree = "<group>"; };
		9F5908CF1892A4F9000128A0 /* SDWebImagePrefetcher.h */ = {isa = PBXFileReference; fileEncoding = 4; lastKnownFileType = sourcecode.c.h; path = SDWebImagePrefetcher.h; sourceTree = "<group>"; };
		9F5908D01892A4F9000128A0 /* SDWebImagePrefetcher.m */ = {isa = PBXFileReference; fileEncoding = 4; lastKnownFileType = sourcecode.c.objc; path = SDWebImagePrefetcher.m; sourceTree = "<group>"; };
		9F5908D11892A4F9000128A0 /* UIButton+WebCache.h */ = {isa = PBXFileReference; fileEncoding = 4; lastKnownFileType = sourcecode.c.h; path = "UIButton+WebCache.h"; sourceTree = "<group>"; };
		9F5908D21892A4F9000128A0 /* UIButton+WebCache.m */ = {isa = PBXFileReference; fileEncoding = 4; lastKnownFileType = sourcecode.c.objc; path = "UIButton+WebCache.m"; sourceTree = "<group>"; };
		9F5908D31892A4F9000128A0 /* UIImage+GIF.h */ = {isa = PBXFileReference; fileEncoding = 4; lastKnownFileType = sourcecode.c.h; path = "UIImage+GIF.h"; sourceTree = "<group>"; };
		9F5908D41892A4F9000128A0 /* UIImage+GIF.m */ = {isa = PBXFileReference; fileEncoding = 4; lastKnownFileType = sourcecode.c.objc; path = "UIImage+GIF.m"; sourceTree = "<group>"; };
		9F5908D51892A4F9000128A0 /* UIImage+MultiFormat.h */ = {isa = PBXFileReference; fileEncoding = 4; lastKnownFileType = sourcecode.c.h; path = "UIImage+MultiFormat.h"; sourceTree = "<group>"; };
		9F5908D61892A4F9000128A0 /* UIImage+MultiFormat.m */ = {isa = PBXFileReference; fileEncoding = 4; lastKnownFileType = sourcecode.c.objc; path = "UIImage+MultiFormat.m"; sourceTree = "<group>"; };
		9F5908D71892A4F9000128A0 /* UIImage+WebP.h */ = {isa = PBXFileReference; fileEncoding = 4; lastKnownFileType = sourcecode.c.h; path = "UIImage+WebP.h"; sourceTree = "<group>"; };
		9F5908D81892A4F9000128A0 /* UIImage+WebP.m */ = {isa = PBXFileReference; fileEncoding = 4; lastKnownFileType = sourcecode.c.objc; path = "UIImage+WebP.m"; sourceTree = "<group>"; };
		9F5908D91892A4F9000128A0 /* UIImageView+WebCache.h */ = {isa = PBXFileReference; fileEncoding = 4; lastKnownFileType = sourcecode.c.h; path = "UIImageView+WebCache.h"; sourceTree = "<group>"; };
		9F5908DA1892A4F9000128A0 /* UIImageView+WebCache.m */ = {isa = PBXFileReference; fileEncoding = 4; lastKnownFileType = sourcecode.c.objc; path = "UIImageView+WebCache.m"; sourceTree = "<group>"; };
		9F5CAC7818944EC400C15592 /* EtrafaSorHTTPRequestResponseManager.h */ = {isa = PBXFileReference; fileEncoding = 4; lastKnownFileType = sourcecode.c.h; path = EtrafaSorHTTPRequestResponseManager.h; sourceTree = "<group>"; };
		9F5CAC7918944EC400C15592 /* EtrafaSorHTTPRequestResponseManager.m */ = {isa = PBXFileReference; fileEncoding = 4; lastKnownFileType = sourcecode.c.objc; path = EtrafaSorHTTPRequestResponseManager.m; sourceTree = "<group>"; };
		9F5E64DF18913121002067F6 /* MessageBoardViewController.h */ = {isa = PBXFileReference; fileEncoding = 4; lastKnownFileType = sourcecode.c.h; path = MessageBoardViewController.h; sourceTree = "<group>"; };
		9F5E64E018913121002067F6 /* MessageBoardViewController.m */ = {isa = PBXFileReference; fileEncoding = 4; lastKnownFileType = sourcecode.c.objc; path = MessageBoardViewController.m; sourceTree = "<group>"; };
		9F5E64E218913B7F002067F6 /* CreateQuestionViewController.h */ = {isa = PBXFileReference; fileEncoding = 4; lastKnownFileType = sourcecode.c.h; path = CreateQuestionViewController.h; sourceTree = "<group>"; };
		9F5E64E318913B7F002067F6 /* CreateQuestionViewController.m */ = {isa = PBXFileReference; fileEncoding = 4; lastKnownFileType = sourcecode.c.objc; path = CreateQuestionViewController.m; sourceTree = "<group>"; };
		9F5F87E71890145600428918 /* Profile.h */ = {isa = PBXFileReference; fileEncoding = 4; lastKnownFileType = sourcecode.c.h; path = Profile.h; sourceTree = "<group>"; };
		9F5F87E81890145600428918 /* Profile.m */ = {isa = PBXFileReference; fileEncoding = 4; lastKnownFileType = sourcecode.c.objc; path = Profile.m; sourceTree = "<group>"; };
		9F5F87EA189015C300428918 /* Message.h */ = {isa = PBXFileReference; fileEncoding = 4; lastKnownFileType = sourcecode.c.h; path = Message.h; sourceTree = "<group>"; };
		9F5F87EB189015C300428918 /* Message.m */ = {isa = PBXFileReference; fileEncoding = 4; lastKnownFileType = sourcecode.c.objc; path = Message.m; sourceTree = "<group>"; };
		9F5F87ED189015DE00428918 /* Question.h */ = {isa = PBXFileReference; fileEncoding = 4; lastKnownFileType = sourcecode.c.h; path = Question.h; sourceTree = "<group>"; };
		9F5F87EE189015DE00428918 /* Question.m */ = {isa = PBXFileReference; fileEncoding = 4; lastKnownFileType = sourcecode.c.objc; path = Question.m; sourceTree = "<group>"; };
		9F5F87F01890437000428918 /* EtrafaSorHTTPRequestHandler.h */ = {isa = PBXFileReference; fileEncoding = 4; lastKnownFileType = sourcecode.c.h; path = EtrafaSorHTTPRequestHandler.h; sourceTree = "<group>"; };
		9F5F87F11890437000428918 /* EtrafaSorHTTPRequestHandler.m */ = {isa = PBXFileReference; fileEncoding = 4; lastKnownFileType = sourcecode.c.objc; path = EtrafaSorHTTPRequestHandler.m; sourceTree = "<group>"; };
		9F5F87F318905CEF00428918 /* ProfileViewController.h */ = {isa = PBXFileReference; fileEncoding = 4; lastKnownFileType = sourcecode.c.h; path = ProfileViewController.h; sourceTree = "<group>"; };
		9F5F87F418905CEF00428918 /* ProfileViewController.m */ = {isa = PBXFileReference; fileEncoding = 4; lastKnownFileType = sourcecode.c.objc; path = ProfileViewController.m; sourceTree = "<group>"; };
		9F5F87F618905D2300428918 /* QuestionsTableViewController.h */ = {isa = PBXFileReference; fileEncoding = 4; lastKnownFileType = sourcecode.c.h; path = QuestionsTableViewController.h; sourceTree = "<group>"; };
		9F5F87F718905D2300428918 /* QuestionsTableViewController.m */ = {isa = PBXFileReference; fileEncoding = 4; lastKnownFileType = sourcecode.c.objc; path = QuestionsTableViewController.m; sourceTree = "<group>"; };
		9FB6C7F7189129F400CD5427 /* NSString+JSMessagesView.h */ = {isa = PBXFileReference; fileEncoding = 4; lastKnownFileType = sourcecode.c.h; path = "NSString+JSMessagesView.h"; sourceTree = "<group>"; };
		9FB6C7F8189129F400CD5427 /* NSString+JSMessagesView.m */ = {isa = PBXFileReference; fileEncoding = 4; lastKnownFileType = sourcecode.c.objc; path = "NSString+JSMessagesView.m"; sourceTree = "<group>"; };
		9FB6C7F9189129F400CD5427 /* UIColor+JSMessagesView.h */ = {isa = PBXFileReference; fileEncoding = 4; lastKnownFileType = sourcecode.c.h; path = "UIColor+JSMessagesView.h"; sourceTree = "<group>"; };
		9FB6C7FA189129F400CD5427 /* UIColor+JSMessagesView.m */ = {isa = PBXFileReference; fileEncoding = 4; lastKnownFileType = sourcecode.c.objc; path = "UIColor+JSMessagesView.m"; sourceTree = "<group>"; };
		9FB6C7FB189129F400CD5427 /* UIImage+JSMessagesView.h */ = {isa = PBXFileReference; fileEncoding = 4; lastKnownFileType = sourcecode.c.h; path = "UIImage+JSMessagesView.h"; sourceTree = "<group>"; };
		9FB6C7FC189129F400CD5427 /* UIImage+JSMessagesView.m */ = {isa = PBXFileReference; fileEncoding = 4; lastKnownFileType = sourcecode.c.objc; path = "UIImage+JSMessagesView.m"; sourceTree = "<group>"; };
		9FB6C7FE189129F400CD5427 /* JSAvatarImageFactory.h */ = {isa = PBXFileReference; fileEncoding = 4; lastKnownFileType = sourcecode.c.h; path = JSAvatarImageFactory.h; sourceTree = "<group>"; };
		9FB6C7FF189129F400CD5427 /* JSAvatarImageFactory.m */ = {isa = PBXFileReference; fileEncoding = 4; lastKnownFileType = sourcecode.c.objc; path = JSAvatarImageFactory.m; sourceTree = "<group>"; };
		9FB6C800189129F400CD5427 /* JSBubbleImageViewFactory.h */ = {isa = PBXFileReference; fileEncoding = 4; lastKnownFileType = sourcecode.c.h; path = JSBubbleImageViewFactory.h; sourceTree = "<group>"; };
		9FB6C801189129F400CD5427 /* JSBubbleImageViewFactory.m */ = {isa = PBXFileReference; fileEncoding = 4; lastKnownFileType = sourcecode.c.objc; path = JSBubbleImageViewFactory.m; sourceTree = "<group>"; };
		9FB6C802189129F400CD5427 /* JSBubbleMessageCell.h */ = {isa = PBXFileReference; fileEncoding = 4; lastKnownFileType = sourcecode.c.h; path = JSBubbleMessageCell.h; sourceTree = "<group>"; };
		9FB6C803189129F400CD5427 /* JSBubbleMessageCell.m */ = {isa = PBXFileReference; fileEncoding = 4; lastKnownFileType = sourcecode.c.objc; path = JSBubbleMessageCell.m; sourceTree = "<group>"; };
		9FB6C804189129F400CD5427 /* JSBubbleView.h */ = {isa = PBXFileReference; fileEncoding = 4; lastKnownFileType = sourcecode.c.h; path = JSBubbleView.h; sourceTree = "<group>"; };
		9FB6C805189129F400CD5427 /* JSBubbleView.m */ = {isa = PBXFileReference; fileEncoding = 4; lastKnownFileType = sourcecode.c.objc; path = JSBubbleView.m; sourceTree = "<group>"; };
		9FB6C806189129F400CD5427 /* JSDismissiveTextView.h */ = {isa = PBXFileReference; fileEncoding = 4; lastKnownFileType = sourcecode.c.h; path = JSDismissiveTextView.h; sourceTree = "<group>"; };
		9FB6C807189129F400CD5427 /* JSDismissiveTextView.m */ = {isa = PBXFileReference; fileEncoding = 4; lastKnownFileType = sourcecode.c.objc; path = JSDismissiveTextView.m; sourceTree = "<group>"; };
		9FB6C808189129F400CD5427 /* JSMessage.h */ = {isa = PBXFileReference; fileEncoding = 4; lastKnownFileType = sourcecode.c.h; path = JSMessage.h; sourceTree = "<group>"; };
		9FB6C809189129F400CD5427 /* JSMessage.m */ = {isa = PBXFileReference; fileEncoding = 4; lastKnownFileType = sourcecode.c.objc; path = JSMessage.m; sourceTree = "<group>"; };
		9FB6C80A189129F400CD5427 /* JSMessageInputView.h */ = {isa = PBXFileReference; fileEncoding = 4; lastKnownFileType = sourcecode.c.h; path = JSMessageInputView.h; sourceTree = "<group>"; };
		9FB6C80B189129F400CD5427 /* JSMessageInputView.m */ = {isa = PBXFileReference; fileEncoding = 4; lastKnownFileType = sourcecode.c.objc; path = JSMessageInputView.m; sourceTree = "<group>"; };
		9FB6C80C189129F400CD5427 /* JSMessageSoundEffect.h */ = {isa = PBXFileReference; fileEncoding = 4; lastKnownFileType = sourcecode.c.h; path = JSMessageSoundEffect.h; sourceTree = "<group>"; };
		9FB6C80D189129F400CD5427 /* JSMessageSoundEffect.m */ = {isa = PBXFileReference; fileEncoding = 4; lastKnownFileType = sourcecode.c.objc; path = JSMessageSoundEffect.m; sourceTree = "<group>"; };
		9FB6C80E189129F400CD5427 /* JSMessagesViewController.h */ = {isa = PBXFileReference; fileEncoding = 4; lastKnownFileType = sourcecode.c.h; path = JSMessagesViewController.h; sourceTree = "<group>"; };
		9FB6C80F189129F400CD5427 /* JSMessagesViewController.m */ = {isa = PBXFileReference; fileEncoding = 4; lastKnownFileType = sourcecode.c.objc; path = JSMessagesViewController.m; sourceTree = "<group>"; };
		9FB6C810189129F400CD5427 /* JSMessageTableView.h */ = {isa = PBXFileReference; fileEncoding = 4; lastKnownFileType = sourcecode.c.h; path = JSMessageTableView.h; sourceTree = "<group>"; };
		9FB6C811189129F400CD5427 /* JSMessageTableView.m */ = {isa = PBXFileReference; fileEncoding = 4; lastKnownFileType = sourcecode.c.objc; path = JSMessageTableView.m; sourceTree = "<group>"; };
		9FB6C812189129F400CD5427 /* JSMessageTextView.h */ = {isa = PBXFileReference; fileEncoding = 4; lastKnownFileType = sourcecode.c.h; path = JSMessageTextView.h; sourceTree = "<group>"; };
		9FB6C813189129F400CD5427 /* JSMessageTextView.m */ = {isa = PBXFileReference; fileEncoding = 4; lastKnownFileType = sourcecode.c.objc; path = JSMessageTextView.m; sourceTree = "<group>"; };
		9FB6C817189129F400CD5427 /* avatar-placeholder.png */ = {isa = PBXFileReference; lastKnownFileType = image.png; path = "avatar-placeholder.png"; sourceTree = "<group>"; };
		9FB6C818189129F400CD5427 /* avatar-placeholder@2x.png */ = {isa = PBXFileReference; lastKnownFileType = image.png; path = "avatar-placeholder@2x.png"; sourceTree = "<group>"; };
		9FB6C81A189129F400CD5427 /* bubble-classic-blue.png */ = {isa = PBXFileReference; lastKnownFileType = image.png; path = "bubble-classic-blue.png"; sourceTree = "<group>"; };
		9FB6C81B189129F400CD5427 /* bubble-classic-blue@2x.png */ = {isa = PBXFileReference; lastKnownFileType = image.png; path = "bubble-classic-blue@2x.png"; sourceTree = "<group>"; };
		9FB6C81C189129F400CD5427 /* bubble-classic-gray.png */ = {isa = PBXFileReference; lastKnownFileType = image.png; path = "bubble-classic-gray.png"; sourceTree = "<group>"; };
		9FB6C81D189129F400CD5427 /* bubble-classic-gray@2x.png */ = {isa = PBXFileReference; lastKnownFileType = image.png; path = "bubble-classic-gray@2x.png"; sourceTree = "<group>"; };
		9FB6C81E189129F400CD5427 /* bubble-classic-green.png */ = {isa = PBXFileReference; lastKnownFileType = image.png; path = "bubble-classic-green.png"; sourceTree = "<group>"; };
		9FB6C81F189129F400CD5427 /* bubble-classic-green@2x.png */ = {isa = PBXFileReference; lastKnownFileType = image.png; path = "bubble-classic-green@2x.png"; sourceTree = "<group>"; };
		9FB6C820189129F400CD5427 /* bubble-classic-selected.png */ = {isa = PBXFileReference; lastKnownFileType = image.png; path = "bubble-classic-selected.png"; sourceTree = "<group>"; };
		9FB6C821189129F400CD5427 /* bubble-classic-selected@2x.png */ = {isa = PBXFileReference; lastKnownFileType = image.png; path = "bubble-classic-selected@2x.png"; sourceTree = "<group>"; };
		9FB6C822189129F400CD5427 /* bubble-classic-typing.png */ = {isa = PBXFileReference; lastKnownFileType = image.png; path = "bubble-classic-typing.png"; sourceTree = "<group>"; };
		9FB6C823189129F400CD5427 /* bubble-classic-typing@2x.png */ = {isa = PBXFileReference; lastKnownFileType = image.png; path = "bubble-classic-typing@2x.png"; sourceTree = "<group>"; };
		9FB6C825189129F400CD5427 /* bubble-classic-square-blue.png */ = {isa = PBXFileReference; lastKnownFileType = image.png; path = "bubble-classic-square-blue.png"; sourceTree = "<group>"; };
		9FB6C826189129F400CD5427 /* bubble-classic-square-blue@2x.png */ = {isa = PBXFileReference; lastKnownFileType = image.png; path = "bubble-classic-square-blue@2x.png"; sourceTree = "<group>"; };
		9FB6C827189129F400CD5427 /* bubble-classic-square-gray.png */ = {isa = PBXFileReference; lastKnownFileType = image.png; path = "bubble-classic-square-gray.png"; sourceTree = "<group>"; };
		9FB6C828189129F400CD5427 /* bubble-classic-square-gray@2x.png */ = {isa = PBXFileReference; lastKnownFileType = image.png; path = "bubble-classic-square-gray@2x.png"; sourceTree = "<group>"; };
		9FB6C829189129F400CD5427 /* bubble-classic-square-selected.png */ = {isa = PBXFileReference; lastKnownFileType = image.png; path = "bubble-classic-square-selected.png"; sourceTree = "<group>"; };
		9FB6C82A189129F400CD5427 /* bubble-classic-square-selected@2x.png */ = {isa = PBXFileReference; lastKnownFileType = image.png; path = "bubble-classic-square-selected@2x.png"; sourceTree = "<group>"; };
		9FB6C82C189129F400CD5427 /* bubble-min-tailless.png */ = {isa = PBXFileReference; lastKnownFileType = image.png; path = "bubble-min-tailless.png"; sourceTree = "<group>"; };
		9FB6C82D189129F400CD5427 /* bubble-min-tailless@2x.png */ = {isa = PBXFileReference; lastKnownFileType = image.png; path = "bubble-min-tailless@2x.png"; sourceTree = "<group>"; };
		9FB6C82E189129F400CD5427 /* bubble-min.png */ = {isa = PBXFileReference; lastKnownFileType = image.png; path = "bubble-min.png"; sourceTree = "<group>"; };
		9FB6C82F189129F400CD5427 /* bubble-min@2x.png */ = {isa = PBXFileReference; lastKnownFileType = image.png; path = "bubble-min@2x.png"; sourceTree = "<group>"; };
		9FB6C830189129F400CD5427 /* bubble-stroked-tailless.png */ = {isa = PBXFileReference; lastKnownFileType = image.png; path = "bubble-stroked-tailless.png"; sourceTree = "<group>"; };
		9FB6C831189129F400CD5427 /* bubble-stroked-tailless@2x.png */ = {isa = PBXFileReference; lastKnownFileType = image.png; path = "bubble-stroked-tailless@2x.png"; sourceTree = "<group>"; };
		9FB6C832189129F400CD5427 /* bubble-stroked.png */ = {isa = PBXFileReference; lastKnownFileType = image.png; path = "bubble-stroked.png"; sourceTree = "<group>"; };
		9FB6C833189129F400CD5427 /* bubble-stroked@2x.png */ = {isa = PBXFileReference; lastKnownFileType = image.png; path = "bubble-stroked@2x.png"; sourceTree = "<group>"; };
		9FB6C834189129F400CD5427 /* bubble-tailless.png */ = {isa = PBXFileReference; lastKnownFileType = image.png; path = "bubble-tailless.png"; sourceTree = "<group>"; };
		9FB6C835189129F400CD5427 /* bubble-tailless@2x.png */ = {isa = PBXFileReference; lastKnownFileType = image.png; path = "bubble-tailless@2x.png"; sourceTree = "<group>"; };
		9FB6C836189129F400CD5427 /* bubble.png */ = {isa = PBXFileReference; lastKnownFileType = image.png; path = bubble.png; sourceTree = "<group>"; };
		9FB6C837189129F400CD5427 /* bubble@2x.png */ = {isa = PBXFileReference; lastKnownFileType = image.png; path = "bubble@2x.png"; sourceTree = "<group>"; };
		9FB6C839189129F400CD5427 /* input-bar-background.png */ = {isa = PBXFileReference; lastKnownFileType = image.png; path = "input-bar-background.png"; sourceTree = "<group>"; };
		9FB6C83A189129F400CD5427 /* input-bar-background@2x.png */ = {isa = PBXFileReference; lastKnownFileType = image.png; path = "input-bar-background@2x.png"; sourceTree = "<group>"; };
		9FB6C83B189129F400CD5427 /* input-field-cover.png */ = {isa = PBXFileReference; lastKnownFileType = image.png; path = "input-field-cover.png"; sourceTree = "<group>"; };
		9FB6C83C189129F400CD5427 /* input-field-cover@2x.png */ = {isa = PBXFileReference; lastKnownFileType = image.png; path = "input-field-cover@2x.png"; sourceTree = "<group>"; };
		9FB6C83D189129F400CD5427 /* send-button-pressed.png */ = {isa = PBXFileReference; lastKnownFileType = image.png; path = "send-button-pressed.png"; sourceTree = "<group>"; };
		9FB6C83E189129F400CD5427 /* send-button-pressed@2x.png */ = {isa = PBXFileReference; lastKnownFileType = image.png; path = "send-button-pressed@2x.png"; sourceTree = "<group>"; };
		9FB6C83F189129F400CD5427 /* send-button.png */ = {isa = PBXFileReference; lastKnownFileType = image.png; path = "send-button.png"; sourceTree = "<group>"; };
		9FB6C840189129F400CD5427 /* send-button@2x.png */ = {isa = PBXFileReference; lastKnownFileType = image.png; path = "send-button@2x.png"; sourceTree = "<group>"; };
		9FB6C842189129F400CD5427 /* button-photo.png */ = {isa = PBXFileReference; lastKnownFileType = image.png; path = "button-photo.png"; sourceTree = "<group>"; };
		9FB6C843189129F400CD5427 /* button-photo@2x.png */ = {isa = PBXFileReference; lastKnownFileType = image.png; path = "button-photo@2x.png"; sourceTree = "<group>"; };
		9FB6C844189129F400CD5427 /* input-bar-flat.png */ = {isa = PBXFileReference; lastKnownFileType = image.png; path = "input-bar-flat.png"; sourceTree = "<group>"; };
		9FB6C845189129F400CD5427 /* input-bar-flat@2x.png */ = {isa = PBXFileReference; lastKnownFileType = image.png; path = "input-bar-flat@2x.png"; sourceTree = "<group>"; };
		9FB6C847189129F400CD5427 /* message-received.aiff */ = {isa = PBXFileReference; lastKnownFileType = audio.aiff; path = "message-received.aiff"; sourceTree = "<group>"; };
		9FB6C848189129F400CD5427 /* message-sent.aiff */ = {isa = PBXFileReference; lastKnownFileType = audio.aiff; path = "message-sent.aiff"; sourceTree = "<group>"; };
		9FB6C88518912AC100CD5427 /* JSQSystemSoundPlayer.h */ = {isa = PBXFileReference; fileEncoding = 4; lastKnownFileType = sourcecode.c.h; path = JSQSystemSoundPlayer.h; sourceTree = "<group>"; };
		9FB6C88618912AC100CD5427 /* JSQSystemSoundPlayer.m */ = {isa = PBXFileReference; fileEncoding = 4; lastKnownFileType = sourcecode.c.objc; path = JSQSystemSoundPlayer.m; sourceTree = "<group>"; };
		9FB6C88818912ADD00CD5427 /* AudioToolbox.framework */ = {isa = PBXFileReference; lastKnownFileType = wrapper.framework; name = AudioToolbox.framework; path = System/Library/Frameworks/AudioToolbox.framework; sourceTree = SDKROOT; };
		9FB6C88A18912B0700CD5427 /* QuartzCore.framework */ = {isa = PBXFileReference; lastKnownFileType = wrapper.framework; name = QuartzCore.framework; path = System/Library/Frameworks/QuartzCore.framework; sourceTree = SDKROOT; };
		9FDD89A1188E818500DC7BB9 /* EtrafaSor.app */ = {isa = PBXFileReference; explicitFileType = wrapper.application; includeInIndex = 0; path = EtrafaSor.app; sourceTree = BUILT_PRODUCTS_DIR; };
		9FDD89A4188E818500DC7BB9 /* Foundation.framework */ = {isa = PBXFileReference; lastKnownFileType = wrapper.framework; name = Foundation.framework; path = System/Library/Frameworks/Foundation.framework; sourceTree = SDKROOT; };
		9FDD89A6188E818500DC7BB9 /* CoreGraphics.framework */ = {isa = PBXFileReference; lastKnownFileType = wrapper.framework; name = CoreGraphics.framework; path = System/Library/Frameworks/CoreGraphics.framework; sourceTree = SDKROOT; };
		9FDD89A8188E818500DC7BB9 /* UIKit.framework */ = {isa = PBXFileReference; lastKnownFileType = wrapper.framework; name = UIKit.framework; path = System/Library/Frameworks/UIKit.framework; sourceTree = SDKROOT; };
		9FDD89AC188E818500DC7BB9 /* EtrafaSor-Info.plist */ = {isa = PBXFileReference; lastKnownFileType = text.plist.xml; path = "EtrafaSor-Info.plist"; sourceTree = "<group>"; };
		9FDD89AE188E818500DC7BB9 /* en */ = {isa = PBXFileReference; lastKnownFileType = text.plist.strings; name = en; path = en.lproj/InfoPlist.strings; sourceTree = "<group>"; };
		9FDD89B0188E818500DC7BB9 /* main.m */ = {isa = PBXFileReference; lastKnownFileType = sourcecode.c.objc; path = main.m; sourceTree = "<group>"; };
		9FDD89B2188E818500DC7BB9 /* EtrafaSor-Prefix.pch */ = {isa = PBXFileReference; lastKnownFileType = sourcecode.c.h; path = "EtrafaSor-Prefix.pch"; sourceTree = "<group>"; };
		9FDD89B3188E818500DC7BB9 /* AppDelegate.h */ = {isa = PBXFileReference; lastKnownFileType = sourcecode.c.h; path = AppDelegate.h; sourceTree = "<group>"; };
		9FDD89B4188E818500DC7BB9 /* AppDelegate.m */ = {isa = PBXFileReference; lastKnownFileType = sourcecode.c.objc; path = AppDelegate.m; sourceTree = "<group>"; };
		9FDD89B7188E818500DC7BB9 /* Base */ = {isa = PBXFileReference; lastKnownFileType = file.storyboard; name = Base; path = Base.lproj/iPhone.storyboard; sourceTree = "<group>"; };
		9FDD89BA188E818500DC7BB9 /* Base */ = {isa = PBXFileReference; lastKnownFileType = file.storyboard; name = Base; path = Base.lproj/iPad.storyboard; sourceTree = "<group>"; };
		9FDD89BC188E818500DC7BB9 /* LoginViewController.h */ = {isa = PBXFileReference; lastKnownFileType = sourcecode.c.h; path = LoginViewController.h; sourceTree = "<group>"; };
		9FDD89BD188E818500DC7BB9 /* LoginViewController.m */ = {isa = PBXFileReference; lastKnownFileType = sourcecode.c.objc; path = LoginViewController.m; sourceTree = "<group>"; };
		9FDD89BF188E818500DC7BB9 /* Images.xcassets */ = {isa = PBXFileReference; lastKnownFileType = folder.assetcatalog; path = Images.xcassets; sourceTree = "<group>"; };
		9FDD89C5188E818500DC7BB9 /* EtrafaSorTests.xctest */ = {isa = PBXFileReference; explicitFileType = wrapper.cfbundle; includeInIndex = 0; path = EtrafaSorTests.xctest; sourceTree = BUILT_PRODUCTS_DIR; };
		9FDD89C6188E818500DC7BB9 /* XCTest.framework */ = {isa = PBXFileReference; lastKnownFileType = wrapper.framework; name = XCTest.framework; path = Library/Frameworks/XCTest.framework; sourceTree = DEVELOPER_DIR; };
		9FDD89CE188E818500DC7BB9 /* EtrafaSorTests-Info.plist */ = {isa = PBXFileReference; lastKnownFileType = text.plist.xml; path = "EtrafaSorTests-Info.plist"; sourceTree = "<group>"; };
		9FDD89D0188E818500DC7BB9 /* en */ = {isa = PBXFileReference; lastKnownFileType = text.plist.strings; name = en; path = en.lproj/InfoPlist.strings; sourceTree = "<group>"; };
		9FDD89D2188E818500DC7BB9 /* EtrafaSorTests.m */ = {isa = PBXFileReference; lastKnownFileType = sourcecode.c.objc; path = EtrafaSorTests.m; sourceTree = "<group>"; };
		9FDD89DC188E919C00DC7BB9 /* MapViewController.h */ = {isa = PBXFileReference; fileEncoding = 4; lastKnownFileType = sourcecode.c.h; path = MapViewController.h; sourceTree = "<group>"; };
		9FDD89DD188E919C00DC7BB9 /* MapViewController.m */ = {isa = PBXFileReference; fileEncoding = 4; lastKnownFileType = sourcecode.c.objc; path = MapViewController.m; sourceTree = "<group>"; };
		9FDD89DF188E96F200DC7BB9 /* Security.framework */ = {isa = PBXFileReference; lastKnownFileType = wrapper.framework; name = Security.framework; path = System/Library/Frameworks/Security.framework; sourceTree = SDKROOT; };
		9FE50D90188F13B800F5C370 /* MapKit.framework */ = {isa = PBXFileReference; lastKnownFileType = wrapper.framework; name = MapKit.framework; path = System/Library/Frameworks/MapKit.framework; sourceTree = SDKROOT; };
		9FE67C6918942114009E8B85 /* SignUpViewController.h */ = {isa = PBXFileReference; fileEncoding = 4; lastKnownFileType = sourcecode.c.h; path = SignUpViewController.h; sourceTree = "<group>"; };
		9FE67C6A18942114009E8B85 /* SignUpViewController.m */ = {isa = PBXFileReference; fileEncoding = 4; lastKnownFileType = sourcecode.c.objc; path = SignUpViewController.m; sourceTree = "<group>"; };
/* End PBXFileReference section */

/* Begin PBXFrameworksBuildPhase section */
		9FDD899E188E818500DC7BB9 /* Frameworks */ = {
			isa = PBXFrameworksBuildPhase;
			buildActionMask = 2147483647;
			files = (
				9FB6C88B18912B0700CD5427 /* QuartzCore.framework in Frameworks */,
				9FB6C88918912ADD00CD5427 /* AudioToolbox.framework in Frameworks */,
				9FE50D91188F13B800F5C370 /* MapKit.framework in Frameworks */,
				9FDD89E0188E96F200DC7BB9 /* Security.framework in Frameworks */,
				9FDD89A7188E818500DC7BB9 /* CoreGraphics.framework in Frameworks */,
				9FDD89A9188E818500DC7BB9 /* UIKit.framework in Frameworks */,
				9FDD89A5188E818500DC7BB9 /* Foundation.framework in Frameworks */,
			);
			runOnlyForDeploymentPostprocessing = 0;
		};
		9FDD89C2188E818500DC7BB9 /* Frameworks */ = {
			isa = PBXFrameworksBuildPhase;
			buildActionMask = 2147483647;
			files = (
				9FDD89C7188E818500DC7BB9 /* XCTest.framework in Frameworks */,
				9FDD89C9188E818500DC7BB9 /* UIKit.framework in Frameworks */,
				9FDD89C8188E818500DC7BB9 /* Foundation.framework in Frameworks */,
			);
			runOnlyForDeploymentPostprocessing = 0;
		};
/* End PBXFrameworksBuildPhase section */

/* Begin PBXGroup section */
		9F5908BD1892A4F9000128A0 /* SDWebImage */ = {
			isa = PBXGroup;
			children = (
				9F5908BE1892A4F9000128A0 /* MKAnnotationView+WebCache.h */,
				9F5908BF1892A4F9000128A0 /* MKAnnotationView+WebCache.m */,
				9F5908C01892A4F9000128A0 /* NSData+ImageContentType.h */,
				9F5908C11892A4F9000128A0 /* NSData+ImageContentType.m */,
				9F5908C21892A4F9000128A0 /* SDImageCache.h */,
				9F5908C31892A4F9000128A0 /* SDImageCache.m */,
				9F5908C41892A4F9000128A0 /* SDWebImageCompat.h */,
				9F5908C51892A4F9000128A0 /* SDWebImageCompat.m */,
				9F5908C61892A4F9000128A0 /* SDWebImageDecoder.h */,
				9F5908C71892A4F9000128A0 /* SDWebImageDecoder.m */,
				9F5908C81892A4F9000128A0 /* SDWebImageDownloader.h */,
				9F5908C91892A4F9000128A0 /* SDWebImageDownloader.m */,
				9F5908CA1892A4F9000128A0 /* SDWebImageDownloaderOperation.h */,
				9F5908CB1892A4F9000128A0 /* SDWebImageDownloaderOperation.m */,
				9F5908CC1892A4F9000128A0 /* SDWebImageManager.h */,
				9F5908CD1892A4F9000128A0 /* SDWebImageManager.m */,
				9F5908CE1892A4F9000128A0 /* SDWebImageOperation.h */,
				9F5908CF1892A4F9000128A0 /* SDWebImagePrefetcher.h */,
				9F5908D01892A4F9000128A0 /* SDWebImagePrefetcher.m */,
				9F5908D11892A4F9000128A0 /* UIButton+WebCache.h */,
				9F5908D21892A4F9000128A0 /* UIButton+WebCache.m */,
				9F5908D31892A4F9000128A0 /* UIImage+GIF.h */,
				9F5908D41892A4F9000128A0 /* UIImage+GIF.m */,
				9F5908D51892A4F9000128A0 /* UIImage+MultiFormat.h */,
				9F5908D61892A4F9000128A0 /* UIImage+MultiFormat.m */,
				9F5908D71892A4F9000128A0 /* UIImage+WebP.h */,
				9F5908D81892A4F9000128A0 /* UIImage+WebP.m */,
				9F5908D91892A4F9000128A0 /* UIImageView+WebCache.h */,
				9F5908DA1892A4F9000128A0 /* UIImageView+WebCache.m */,
			);
			path = SDWebImage;
			sourceTree = "<group>";
		};
		9FB6C7F4189129F400CD5427 /* JSMessagesViewController */ = {
			isa = PBXGroup;
			children = (
				9FB6C7F5189129F400CD5427 /* Classes */,
				9FB6C814189129F400CD5427 /* Resources */,
			);
			path = JSMessagesViewController;
			sourceTree = "<group>";
		};
		9FB6C7F5189129F400CD5427 /* Classes */ = {
			isa = PBXGroup;
			children = (
				9FB6C7F6189129F400CD5427 /* Categories */,
				9FB6C7FD189129F400CD5427 /* Factories */,
				9FB6C802189129F400CD5427 /* JSBubbleMessageCell.h */,
				9FB6C803189129F400CD5427 /* JSBubbleMessageCell.m */,
				9FB6C804189129F400CD5427 /* JSBubbleView.h */,
				9FB6C805189129F400CD5427 /* JSBubbleView.m */,
				9FB6C806189129F400CD5427 /* JSDismissiveTextView.h */,
				9FB6C807189129F400CD5427 /* JSDismissiveTextView.m */,
				9FB6C808189129F400CD5427 /* JSMessage.h */,
				9FB6C809189129F400CD5427 /* JSMessage.m */,
				9FB6C80A189129F400CD5427 /* JSMessageInputView.h */,
				9FB6C80B189129F400CD5427 /* JSMessageInputView.m */,
				9FB6C80C189129F400CD5427 /* JSMessageSoundEffect.h */,
				9FB6C80D189129F400CD5427 /* JSMessageSoundEffect.m */,
				9FB6C80E189129F400CD5427 /* JSMessagesViewController.h */,
				9FB6C80F189129F400CD5427 /* JSMessagesViewController.m */,
				9FB6C810189129F400CD5427 /* JSMessageTableView.h */,
				9FB6C811189129F400CD5427 /* JSMessageTableView.m */,
				9FB6C812189129F400CD5427 /* JSMessageTextView.h */,
				9FB6C813189129F400CD5427 /* JSMessageTextView.m */,
			);
			path = Classes;
			sourceTree = "<group>";
		};
		9FB6C7F6189129F400CD5427 /* Categories */ = {
			isa = PBXGroup;
			children = (
				9FB6C7F7189129F400CD5427 /* NSString+JSMessagesView.h */,
				9FB6C7F8189129F400CD5427 /* NSString+JSMessagesView.m */,
				9FB6C7F9189129F400CD5427 /* UIColor+JSMessagesView.h */,
				9FB6C7FA189129F400CD5427 /* UIColor+JSMessagesView.m */,
				9FB6C7FB189129F400CD5427 /* UIImage+JSMessagesView.h */,
				9FB6C7FC189129F400CD5427 /* UIImage+JSMessagesView.m */,
			);
			path = Categories;
			sourceTree = "<group>";
		};
		9FB6C7FD189129F400CD5427 /* Factories */ = {
			isa = PBXGroup;
			children = (
				9FB6C7FE189129F400CD5427 /* JSAvatarImageFactory.h */,
				9FB6C7FF189129F400CD5427 /* JSAvatarImageFactory.m */,
				9FB6C800189129F400CD5427 /* JSBubbleImageViewFactory.h */,
				9FB6C801189129F400CD5427 /* JSBubbleImageViewFactory.m */,
			);
			path = Factories;
			sourceTree = "<group>";
		};
		9FB6C814189129F400CD5427 /* Resources */ = {
			isa = PBXGroup;
			children = (
				9FB6C815189129F400CD5427 /* Images */,
				9FB6C846189129F400CD5427 /* Sounds */,
			);
			path = Resources;
			sourceTree = "<group>";
		};
		9FB6C815189129F400CD5427 /* Images */ = {
			isa = PBXGroup;
			children = (
				9FB6C816189129F400CD5427 /* avatar */,
				9FB6C819189129F400CD5427 /* bubble-classic */,
				9FB6C824189129F400CD5427 /* bubble-classic-square */,
				9FB6C82B189129F400CD5427 /* bubble-flat */,
				9FB6C838189129F400CD5427 /* input-bar-classic */,
				9FB6C841189129F400CD5427 /* input-bar-flat */,
			);
			path = Images;
			sourceTree = "<group>";
		};
		9FB6C816189129F400CD5427 /* avatar */ = {
			isa = PBXGroup;
			children = (
				9FB6C817189129F400CD5427 /* avatar-placeholder.png */,
				9FB6C818189129F400CD5427 /* avatar-placeholder@2x.png */,
			);
			path = avatar;
			sourceTree = "<group>";
		};
		9FB6C819189129F400CD5427 /* bubble-classic */ = {
			isa = PBXGroup;
			children = (
				9FB6C81A189129F400CD5427 /* bubble-classic-blue.png */,
				9FB6C81B189129F400CD5427 /* bubble-classic-blue@2x.png */,
				9FB6C81C189129F400CD5427 /* bubble-classic-gray.png */,
				9FB6C81D189129F400CD5427 /* bubble-classic-gray@2x.png */,
				9FB6C81E189129F400CD5427 /* bubble-classic-green.png */,
				9FB6C81F189129F400CD5427 /* bubble-classic-green@2x.png */,
				9FB6C820189129F400CD5427 /* bubble-classic-selected.png */,
				9FB6C821189129F400CD5427 /* bubble-classic-selected@2x.png */,
				9FB6C822189129F400CD5427 /* bubble-classic-typing.png */,
				9FB6C823189129F400CD5427 /* bubble-classic-typing@2x.png */,
			);
			path = "bubble-classic";
			sourceTree = "<group>";
		};
		9FB6C824189129F400CD5427 /* bubble-classic-square */ = {
			isa = PBXGroup;
			children = (
				9FB6C825189129F400CD5427 /* bubble-classic-square-blue.png */,
				9FB6C826189129F400CD5427 /* bubble-classic-square-blue@2x.png */,
				9FB6C827189129F400CD5427 /* bubble-classic-square-gray.png */,
				9FB6C828189129F400CD5427 /* bubble-classic-square-gray@2x.png */,
				9FB6C829189129F400CD5427 /* bubble-classic-square-selected.png */,
				9FB6C82A189129F400CD5427 /* bubble-classic-square-selected@2x.png */,
			);
			path = "bubble-classic-square";
			sourceTree = "<group>";
		};
		9FB6C82B189129F400CD5427 /* bubble-flat */ = {
			isa = PBXGroup;
			children = (
				9FB6C82C189129F400CD5427 /* bubble-min-tailless.png */,
				9FB6C82D189129F400CD5427 /* bubble-min-tailless@2x.png */,
				9FB6C82E189129F400CD5427 /* bubble-min.png */,
				9FB6C82F189129F400CD5427 /* bubble-min@2x.png */,
				9FB6C830189129F400CD5427 /* bubble-stroked-tailless.png */,
				9FB6C831189129F400CD5427 /* bubble-stroked-tailless@2x.png */,
				9FB6C832189129F400CD5427 /* bubble-stroked.png */,
				9FB6C833189129F400CD5427 /* bubble-stroked@2x.png */,
				9FB6C834189129F400CD5427 /* bubble-tailless.png */,
				9FB6C835189129F400CD5427 /* bubble-tailless@2x.png */,
				9FB6C836189129F400CD5427 /* bubble.png */,
				9FB6C837189129F400CD5427 /* bubble@2x.png */,
			);
			path = "bubble-flat";
			sourceTree = "<group>";
		};
		9FB6C838189129F400CD5427 /* input-bar-classic */ = {
			isa = PBXGroup;
			children = (
				9FB6C839189129F400CD5427 /* input-bar-background.png */,
				9FB6C83A189129F400CD5427 /* input-bar-background@2x.png */,
				9FB6C83B189129F400CD5427 /* input-field-cover.png */,
				9FB6C83C189129F400CD5427 /* input-field-cover@2x.png */,
				9FB6C83D189129F400CD5427 /* send-button-pressed.png */,
				9FB6C83E189129F400CD5427 /* send-button-pressed@2x.png */,
				9FB6C83F189129F400CD5427 /* send-button.png */,
				9FB6C840189129F400CD5427 /* send-button@2x.png */,
			);
			path = "input-bar-classic";
			sourceTree = "<group>";
		};
		9FB6C841189129F400CD5427 /* input-bar-flat */ = {
			isa = PBXGroup;
			children = (
				9FB6C842189129F400CD5427 /* button-photo.png */,
				9FB6C843189129F400CD5427 /* button-photo@2x.png */,
				9FB6C844189129F400CD5427 /* input-bar-flat.png */,
				9FB6C845189129F400CD5427 /* input-bar-flat@2x.png */,
			);
			path = "input-bar-flat";
			sourceTree = "<group>";
		};
		9FB6C846189129F400CD5427 /* Sounds */ = {
			isa = PBXGroup;
			children = (
				9FB6C847189129F400CD5427 /* message-received.aiff */,
				9FB6C848189129F400CD5427 /* message-sent.aiff */,
			);
			path = Sounds;
			sourceTree = "<group>";
		};
		9FB6C88318912AC100CD5427 /* JSQSystemSoundPlayer */ = {
			isa = PBXGroup;
			children = (
				9FB6C88418912AC100CD5427 /* Classes */,
			);
			name = JSQSystemSoundPlayer;
			path = EtrafaSor/JSQSystemSoundPlayer;
			sourceTree = SOURCE_ROOT;
		};
		9FB6C88418912AC100CD5427 /* Classes */ = {
			isa = PBXGroup;
			children = (
				9FB6C88518912AC100CD5427 /* JSQSystemSoundPlayer.h */,
				9FB6C88618912AC100CD5427 /* JSQSystemSoundPlayer.m */,
			);
			path = Classes;
			sourceTree = "<group>";
		};
		9FDD8998188E818500DC7BB9 = {
			isa = PBXGroup;
			children = (
				9FDD89AA188E818500DC7BB9 /* EtrafaSor */,
				9FDD89CC188E818500DC7BB9 /* EtrafaSorTests */,
				9FDD89A3188E818500DC7BB9 /* Frameworks */,
				9FDD89A2188E818500DC7BB9 /* Products */,
			);
			sourceTree = "<group>";
		};
		9FDD89A2188E818500DC7BB9 /* Products */ = {
			isa = PBXGroup;
			children = (
				9FDD89A1188E818500DC7BB9 /* EtrafaSor.app */,
				9FDD89C5188E818500DC7BB9 /* EtrafaSorTests.xctest */,
			);
			name = Products;
			sourceTree = "<group>";
		};
		9FDD89A3188E818500DC7BB9 /* Frameworks */ = {
			isa = PBXGroup;
			children = (
				9FB6C88A18912B0700CD5427 /* QuartzCore.framework */,
				9FB6C88818912ADD00CD5427 /* AudioToolbox.framework */,
				9FE50D90188F13B800F5C370 /* MapKit.framework */,
				9FDD89DF188E96F200DC7BB9 /* Security.framework */,
				9FDD89A4188E818500DC7BB9 /* Foundation.framework */,
				9FDD89A6188E818500DC7BB9 /* CoreGraphics.framework */,
				9FDD89A8188E818500DC7BB9 /* UIKit.framework */,
				9FDD89C6188E818500DC7BB9 /* XCTest.framework */,
			);
			name = Frameworks;
			sourceTree = "<group>";
		};
		9FDD89AA188E818500DC7BB9 /* EtrafaSor */ = {
			isa = PBXGroup;
			children = (
				9FDD89B6188E818500DC7BB9 /* iPhone.storyboard */,
				9FDD89B9188E818500DC7BB9 /* iPad.storyboard */,
				9FDD89B3188E818500DC7BB9 /* AppDelegate.h */,
				9FDD89B4188E818500DC7BB9 /* AppDelegate.m */,
				9FDD89BC188E818500DC7BB9 /* LoginViewController.h */,
				9FDD89BD188E818500DC7BB9 /* LoginViewController.m */,
				9FE67C6918942114009E8B85 /* SignUpViewController.h */,
				9FE67C6A18942114009E8B85 /* SignUpViewController.m */,
				9FDD89DC188E919C00DC7BB9 /* MapViewController.h */,
				9FDD89DD188E919C00DC7BB9 /* MapViewController.m */,
				9F5F87F318905CEF00428918 /* ProfileViewController.h */,
				9F5F87F418905CEF00428918 /* ProfileViewController.m */,
				9F5F87F618905D2300428918 /* QuestionsTableViewController.h */,
				9F5F87F718905D2300428918 /* QuestionsTableViewController.m */,
				9F5E64DF18913121002067F6 /* MessageBoardViewController.h */,
				9F5E64E018913121002067F6 /* MessageBoardViewController.m */,
				9F5E64E218913B7F002067F6 /* CreateQuestionViewController.h */,
				9F5E64E318913B7F002067F6 /* CreateQuestionViewController.m */,
				9F5F87E71890145600428918 /* Profile.h */,
				9F5F87E81890145600428918 /* Profile.m */,
				9F5F87ED189015DE00428918 /* Question.h */,
				9F5F87EE189015DE00428918 /* Question.m */,
				9F5F87EA189015C300428918 /* Message.h */,
				9F5F87EB189015C300428918 /* Message.m */,
				9F5F87F01890437000428918 /* EtrafaSorHTTPRequestHandler.h */,
				9F5F87F11890437000428918 /* EtrafaSorHTTPRequestHandler.m */,
				9F5CAC7818944EC400C15592 /* EtrafaSorHTTPRequestResponseManager.h */,
				9F5CAC7918944EC400C15592 /* EtrafaSorHTTPRequestResponseManager.m */,
				9F5908BD1892A4F9000128A0 /* SDWebImage */,
				9FB6C88318912AC100CD5427 /* JSQSystemSoundPlayer */,
				9FB6C7F4189129F400CD5427 /* JSMessagesViewController */,
				9FDD89BF188E818500DC7BB9 /* Images.xcassets */,
				9FDD89AB188E818500DC7BB9 /* Supporting Files */,
			);
			path = EtrafaSor;
			sourceTree = "<group>";
		};
		9FDD89AB188E818500DC7BB9 /* Supporting Files */ = {
			isa = PBXGroup;
			children = (
				9FDD89AC188E818500DC7BB9 /* EtrafaSor-Info.plist */,
				9FDD89AD188E818500DC7BB9 /* InfoPlist.strings */,
				9FDD89B0188E818500DC7BB9 /* main.m */,
				9FDD89B2188E818500DC7BB9 /* EtrafaSor-Prefix.pch */,
			);
			name = "Supporting Files";
			sourceTree = "<group>";
		};
		9FDD89CC188E818500DC7BB9 /* EtrafaSorTests */ = {
			isa = PBXGroup;
			children = (
				9FDD89D2188E818500DC7BB9 /* EtrafaSorTests.m */,
				9FDD89CD188E818500DC7BB9 /* Supporting Files */,
			);
			path = EtrafaSorTests;
			sourceTree = "<group>";
		};
		9FDD89CD188E818500DC7BB9 /* Supporting Files */ = {
			isa = PBXGroup;
			children = (
				9FDD89CE188E818500DC7BB9 /* EtrafaSorTests-Info.plist */,
				9FDD89CF188E818500DC7BB9 /* InfoPlist.strings */,
			);
			name = "Supporting Files";
			sourceTree = "<group>";
		};
/* End PBXGroup section */

/* Begin PBXNativeTarget section */
		9FDD89A0188E818500DC7BB9 /* EtrafaSor */ = {
			isa = PBXNativeTarget;
			buildConfigurationList = 9FDD89D6188E818500DC7BB9 /* Build configuration list for PBXNativeTarget "EtrafaSor" */;
			buildPhases = (
				9FDD899D188E818500DC7BB9 /* Sources */,
				9FDD899E188E818500DC7BB9 /* Frameworks */,
				9FDD899F188E818500DC7BB9 /* Resources */,
			);
			buildRules = (
			);
			dependencies = (
			);
			name = EtrafaSor;
			productName = EtrafaSor;
			productReference = 9FDD89A1188E818500DC7BB9 /* EtrafaSor.app */;
			productType = "com.apple.product-type.application";
		};
		9FDD89C4188E818500DC7BB9 /* EtrafaSorTests */ = {
			isa = PBXNativeTarget;
			buildConfigurationList = 9FDD89D9188E818500DC7BB9 /* Build configuration list for PBXNativeTarget "EtrafaSorTests" */;
			buildPhases = (
				9FDD89C1188E818500DC7BB9 /* Sources */,
				9FDD89C2188E818500DC7BB9 /* Frameworks */,
				9FDD89C3188E818500DC7BB9 /* Resources */,
			);
			buildRules = (
			);
			dependencies = (
				9FDD89CB188E818500DC7BB9 /* PBXTargetDependency */,
			);
			name = EtrafaSorTests;
			productName = EtrafaSorTests;
			productReference = 9FDD89C5188E818500DC7BB9 /* EtrafaSorTests.xctest */;
			productType = "com.apple.product-type.bundle.unit-test";
		};
/* End PBXNativeTarget section */

/* Begin PBXProject section */
		9FDD8999188E818500DC7BB9 /* Project object */ = {
			isa = PBXProject;
			attributes = {
				LastUpgradeCheck = 0500;
				ORGANIZATIONNAME = "Can Firtina";
				TargetAttributes = {
					9FDD89A0188E818500DC7BB9 = {
						DevelopmentTeam = QSQCHD8PL2;
					};
					9FDD89C4188E818500DC7BB9 = {
						TestTargetID = 9FDD89A0188E818500DC7BB9;
					};
				};
			};
			buildConfigurationList = 9FDD899C188E818500DC7BB9 /* Build configuration list for PBXProject "EtrafaSor" */;
			compatibilityVersion = "Xcode 3.2";
			developmentRegion = English;
			hasScannedForEncodings = 0;
			knownRegions = (
				en,
				Base,
			);
			mainGroup = 9FDD8998188E818500DC7BB9;
			productRefGroup = 9FDD89A2188E818500DC7BB9 /* Products */;
			projectDirPath = "";
			projectRoot = "";
			targets = (
				9FDD89A0188E818500DC7BB9 /* EtrafaSor */,
				9FDD89C4188E818500DC7BB9 /* EtrafaSorTests */,
			);
		};
/* End PBXProject section */

/* Begin PBXResourcesBuildPhase section */
		9FDD899F188E818500DC7BB9 /* Resources */ = {
			isa = PBXResourcesBuildPhase;
			buildActionMask = 2147483647;
			files = (
				9FB6C87C189129F400CD5427 /* send-button@2x.png in Resources */,
				9FB6C874189129F400CD5427 /* bubble@2x.png in Resources */,
				9FDD89BB188E818500DC7BB9 /* iPad.storyboard in Resources */,
				9FB6C87E189129F400CD5427 /* button-photo@2x.png in Resources */,
				9FB6C86D189129F400CD5427 /* bubble-stroked-tailless.png in Resources */,
				9FB6C869189129F400CD5427 /* bubble-min-tailless.png in Resources */,
				9FB6C881189129F400CD5427 /* message-received.aiff in Resources */,
				9FB6C858189129F400CD5427 /* avatar-placeholder@2x.png in Resources */,
				9FB6C86B189129F400CD5427 /* bubble-min.png in Resources */,
				9FB6C871189129F400CD5427 /* bubble-tailless.png in Resources */,
				9FB6C85C189129F400CD5427 /* bubble-classic-gray@2x.png in Resources */,
				9FB6C878189129F400CD5427 /* input-field-cover@2x.png in Resources */,
				9FB6C87D189129F400CD5427 /* button-photo.png in Resources */,
				9FB6C86E189129F400CD5427 /* bubble-stroked-tailless@2x.png in Resources */,
				9FB6C87F189129F400CD5427 /* input-bar-flat.png in Resources */,
				9FB6C861189129F400CD5427 /* bubble-classic-typing.png in Resources */,
				9FB6C867189129F400CD5427 /* bubble-classic-square-selected.png in Resources */,
				9FB6C882189129F400CD5427 /* message-sent.aiff in Resources */,
				9FB6C870189129F400CD5427 /* bubble-stroked@2x.png in Resources */,
				9FB6C86C189129F400CD5427 /* bubble-min@2x.png in Resources */,
				9FB6C877189129F400CD5427 /* input-field-cover.png in Resources */,
				9FB6C865189129F400CD5427 /* bubble-classic-square-gray.png in Resources */,
				9FB6C872189129F400CD5427 /* bubble-tailless@2x.png in Resources */,
				9FB6C85D189129F400CD5427 /* bubble-classic-green.png in Resources */,
				9FDD89C0188E818500DC7BB9 /* Images.xcassets in Resources */,
				9FB6C87B189129F400CD5427 /* send-button.png in Resources */,
				9FB6C857189129F400CD5427 /* avatar-placeholder.png in Resources */,
				9FDD89B8188E818500DC7BB9 /* iPhone.storyboard in Resources */,
				9FB6C879189129F400CD5427 /* send-button-pressed.png in Resources */,
				9FB6C866189129F400CD5427 /* bubble-classic-square-gray@2x.png in Resources */,
				9FB6C880189129F400CD5427 /* input-bar-flat@2x.png in Resources */,
				9FDD89AF188E818500DC7BB9 /* InfoPlist.strings in Resources */,
				9FB6C873189129F400CD5427 /* bubble.png in Resources */,
				9FB6C860189129F400CD5427 /* bubble-classic-selected@2x.png in Resources */,
				9FB6C85B189129F400CD5427 /* bubble-classic-gray.png in Resources */,
				9FB6C85E189129F400CD5427 /* bubble-classic-green@2x.png in Resources */,
				9FB6C875189129F400CD5427 /* input-bar-background.png in Resources */,
				9FB6C87A189129F400CD5427 /* send-button-pressed@2x.png in Resources */,
				9FB6C86F189129F400CD5427 /* bubble-stroked.png in Resources */,
				9FB6C862189129F400CD5427 /* bubble-classic-typing@2x.png in Resources */,
				9FB6C85F189129F400CD5427 /* bubble-classic-selected.png in Resources */,
				9FB6C86A189129F400CD5427 /* bubble-min-tailless@2x.png in Resources */,
				9FB6C864189129F400CD5427 /* bubble-classic-square-blue@2x.png in Resources */,
				9FB6C859189129F400CD5427 /* bubble-classic-blue.png in Resources */,
				9FB6C85A189129F400CD5427 /* bubble-classic-blue@2x.png in Resources */,
				9FB6C863189129F400CD5427 /* bubble-classic-square-blue.png in Resources */,
				9FB6C868189129F400CD5427 /* bubble-classic-square-selected@2x.png in Resources */,
				9FB6C876189129F400CD5427 /* input-bar-background@2x.png in Resources */,
			);
			runOnlyForDeploymentPostprocessing = 0;
		};
		9FDD89C3188E818500DC7BB9 /* Resources */ = {
			isa = PBXResourcesBuildPhase;
			buildActionMask = 2147483647;
			files = (
				9FDD89D1188E818500DC7BB9 /* InfoPlist.strings in Resources */,
			);
			runOnlyForDeploymentPostprocessing = 0;
		};
/* End PBXResourcesBuildPhase section */

/* Begin PBXSourcesBuildPhase section */
		9FDD899D188E818500DC7BB9 /* Sources */ = {
			isa = PBXSourcesBuildPhase;
			buildActionMask = 2147483647;
			files = (
				9FDD89BE188E818500DC7BB9 /* LoginViewController.m in Sources */,
				9F5E64E118913121002067F6 /* MessageBoardViewController.m in Sources */,
				9F5F87F518905CEF00428918 /* ProfileViewController.m in Sources */,
				9F5F87EC189015C300428918 /* Message.m in Sources */,
				9FB6C849189129F400CD5427 /* NSString+JSMessagesView.m in Sources */,
				9F5F87E91890145600428918 /* Profile.m in Sources */,
				9FDD89B5188E818500DC7BB9 /* AppDelegate.m in Sources */,
				9FB6C84D189129F400CD5427 /* JSBubbleImageViewFactory.m in Sources */,
				9F5908E11892A4F9000128A0 /* SDWebImageDownloaderOperation.m in Sources */,
				9F5908E31892A4F9000128A0 /* SDWebImagePrefetcher.m in Sources */,
				9FB6C84B189129F400CD5427 /* UIImage+JSMessagesView.m in Sources */,
				9FB6C852189129F400CD5427 /* JSMessageInputView.m in Sources */,
				9F5F87F818905D2300428918 /* QuestionsTableViewController.m in Sources */,
				9F5908E61892A4F9000128A0 /* UIImage+MultiFormat.m in Sources */,
				9FB6C88718912AC100CD5427 /* JSQSystemSoundPlayer.m in Sources */,
				9FB6C855189129F400CD5427 /* JSMessageTableView.m in Sources */,
				9F5908E41892A4F9000128A0 /* UIButton+WebCache.m in Sources */,
				9F5908E51892A4F9000128A0 /* UIImage+GIF.m in Sources */,
				9FB6C84A189129F400CD5427 /* UIColor+JSMessagesView.m in Sources */,
				9FB6C853189129F400CD5427 /* JSMessageSoundEffect.m in Sources */,
				9F5CAC7A18944EC400C15592 /* EtrafaSorHTTPRequestResponseManager.m in Sources */,
				9F5F87EF189015DE00428918 /* Question.m in Sources */,
				9F5E64E418913B7F002067F6 /* CreateQuestionViewController.m in Sources */,
				9FB6C84C189129F400CD5427 /* JSAvatarImageFactory.m in Sources */,
				9FDD89B1188E818500DC7BB9 /* main.m in Sources */,
				9F5908DD1892A4F9000128A0 /* SDImageCache.m in Sources */,
				9FB6C856189129F400CD5427 /* JSMessageTextView.m in Sources */,
				9FE67C6B18942114009E8B85 /* SignUpViewController.m in Sources */,
				9F5908E21892A4F9000128A0 /* SDWebImageManager.m in Sources */,
				9F5908E71892A4F9000128A0 /* UIImage+WebP.m in Sources */,
				9FB6C854189129F400CD5427 /* JSMessagesViewController.m in Sources */,
				9F5908E81892A4F9000128A0 /* UIImageView+WebCache.m in Sources */,
				9F5F87F21890437000428918 /* EtrafaSorHTTPRequestHandler.m in Sources */,
				9FB6C850189129F400CD5427 /* JSDismissiveTextView.m in Sources */,
				9FB6C84E189129F400CD5427 /* JSBubbleMessageCell.m in Sources */,
				9F5908E01892A4F9000128A0 /* SDWebImageDownloader.m in Sources */,
				9FB6C851189129F400CD5427 /* JSMessage.m in Sources */,
				9F5908DB1892A4F9000128A0 /* MKAnnotationView+WebCache.m in Sources */,
				9FDD89DE188E919C00DC7BB9 /* MapViewController.m in Sources */,
				9F5908DF1892A4F9000128A0 /* SDWebImageDecoder.m in Sources */,
				9F5908DE1892A4F9000128A0 /* SDWebImageCompat.m in Sources */,
				9F5908DC1892A4F9000128A0 /* NSData+ImageContentType.m in Sources */,
				9FB6C84F189129F400CD5427 /* JSBubbleView.m in Sources */,
			);
			runOnlyForDeploymentPostprocessing = 0;
		};
		9FDD89C1188E818500DC7BB9 /* Sources */ = {
			isa = PBXSourcesBuildPhase;
			buildActionMask = 2147483647;
			files = (
				9FDD89D3188E818500DC7BB9 /* EtrafaSorTests.m in Sources */,
			);
			runOnlyForDeploymentPostprocessing = 0;
		};
/* End PBXSourcesBuildPhase section */

/* Begin PBXTargetDependency section */
		9FDD89CB188E818500DC7BB9 /* PBXTargetDependency */ = {
			isa = PBXTargetDependency;
			target = 9FDD89A0188E818500DC7BB9 /* EtrafaSor */;
			targetProxy = 9FDD89CA188E818500DC7BB9 /* PBXContainerItemProxy */;
		};
/* End PBXTargetDependency section */

/* Begin PBXVariantGroup section */
		9FDD89AD188E818500DC7BB9 /* InfoPlist.strings */ = {
			isa = PBXVariantGroup;
			children = (
				9FDD89AE188E818500DC7BB9 /* en */,
			);
			name = InfoPlist.strings;
			sourceTree = "<group>";
		};
		9FDD89B6188E818500DC7BB9 /* iPhone.storyboard */ = {
			isa = PBXVariantGroup;
			children = (
				9FDD89B7188E818500DC7BB9 /* Base */,
			);
			name = iPhone.storyboard;
			sourceTree = "<group>";
		};
		9FDD89B9188E818500DC7BB9 /* iPad.storyboard */ = {
			isa = PBXVariantGroup;
			children = (
				9FDD89BA188E818500DC7BB9 /* Base */,
			);
			name = iPad.storyboard;
			sourceTree = "<group>";
		};
		9FDD89CF188E818500DC7BB9 /* InfoPlist.strings */ = {
			isa = PBXVariantGroup;
			children = (
				9FDD89D0188E818500DC7BB9 /* en */,
			);
			name = InfoPlist.strings;
			sourceTree = "<group>";
		};
/* End PBXVariantGroup section */

/* Begin XCBuildConfiguration section */
		9FDD89D4188E818500DC7BB9 /* Debug */ = {
			isa = XCBuildConfiguration;
			buildSettings = {
				ALWAYS_SEARCH_USER_PATHS = NO;
				ARCHS = "$(ARCHS_STANDARD_INCLUDING_64_BIT)";
				CLANG_CXX_LANGUAGE_STANDARD = "gnu++0x";
				CLANG_CXX_LIBRARY = "libc++";
				CLANG_ENABLE_MODULES = YES;
				CLANG_ENABLE_OBJC_ARC = YES;
				CLANG_WARN_BOOL_CONVERSION = YES;
				CLANG_WARN_CONSTANT_CONVERSION = YES;
				CLANG_WARN_DIRECT_OBJC_ISA_USAGE = YES_ERROR;
				CLANG_WARN_EMPTY_BODY = YES;
				CLANG_WARN_ENUM_CONVERSION = YES;
				CLANG_WARN_INT_CONVERSION = YES;
				CLANG_WARN_OBJC_ROOT_CLASS = YES_ERROR;
				CLANG_WARN__DUPLICATE_METHOD_MATCH = YES;
				"CODE_SIGN_IDENTITY[sdk=iphoneos*]" = "iPhone Developer";
				COPY_PHASE_STRIP = NO;
				GCC_C_LANGUAGE_STANDARD = gnu99;
				GCC_DYNAMIC_NO_PIC = NO;
				GCC_OPTIMIZATION_LEVEL = 0;
				GCC_PREPROCESSOR_DEFINITIONS = (
					"DEBUG=1",
					"$(inherited)",
				);
				GCC_SYMBOLS_PRIVATE_EXTERN = NO;
				GCC_WARN_64_TO_32_BIT_CONVERSION = YES;
				GCC_WARN_ABOUT_RETURN_TYPE = YES_ERROR;
				GCC_WARN_UNDECLARED_SELECTOR = YES;
				GCC_WARN_UNINITIALIZED_AUTOS = YES;
				GCC_WARN_UNUSED_FUNCTION = YES;
				GCC_WARN_UNUSED_VARIABLE = YES;
				IPHONEOS_DEPLOYMENT_TARGET = 7.0;
				ONLY_ACTIVE_ARCH = YES;
				SDKROOT = iphoneos;
				TARGETED_DEVICE_FAMILY = "1,2";
			};
			name = Debug;
		};
		9FDD89D5188E818500DC7BB9 /* Release */ = {
			isa = XCBuildConfiguration;
			buildSettings = {
				ALWAYS_SEARCH_USER_PATHS = NO;
				ARCHS = "$(ARCHS_STANDARD_INCLUDING_64_BIT)";
				CLANG_CXX_LANGUAGE_STANDARD = "gnu++0x";
				CLANG_CXX_LIBRARY = "libc++";
				CLANG_ENABLE_MODULES = YES;
				CLANG_ENABLE_OBJC_ARC = YES;
				CLANG_WARN_BOOL_CONVERSION = YES;
				CLANG_WARN_CONSTANT_CONVERSION = YES;
				CLANG_WARN_DIRECT_OBJC_ISA_USAGE = YES_ERROR;
				CLANG_WARN_EMPTY_BODY = YES;
				CLANG_WARN_ENUM_CONVERSION = YES;
				CLANG_WARN_INT_CONVERSION = YES;
				CLANG_WARN_OBJC_ROOT_CLASS = YES_ERROR;
				CLANG_WARN__DUPLICATE_METHOD_MATCH = YES;
				"CODE_SIGN_IDENTITY[sdk=iphoneos*]" = "iPhone Developer";
				COPY_PHASE_STRIP = YES;
				ENABLE_NS_ASSERTIONS = NO;
				GCC_C_LANGUAGE_STANDARD = gnu99;
				GCC_WARN_64_TO_32_BIT_CONVERSION = YES;
				GCC_WARN_ABOUT_RETURN_TYPE = YES_ERROR;
				GCC_WARN_UNDECLARED_SELECTOR = YES;
				GCC_WARN_UNINITIALIZED_AUTOS = YES;
				GCC_WARN_UNUSED_FUNCTION = YES;
				GCC_WARN_UNUSED_VARIABLE = YES;
				IPHONEOS_DEPLOYMENT_TARGET = 7.0;
				SDKROOT = iphoneos;
				TARGETED_DEVICE_FAMILY = "1,2";
				VALIDATE_PRODUCT = YES;
			};
			name = Release;
		};
		9FDD89D7188E818500DC7BB9 /* Debug */ = {
			isa = XCBuildConfiguration;
			buildSettings = {
				ASSETCATALOG_COMPILER_APPICON_NAME = AppIcon;
				ASSETCATALOG_COMPILER_LAUNCHIMAGE_NAME = LaunchImage;
				CODE_SIGN_IDENTITY = "iPhone Developer";
				"CODE_SIGN_IDENTITY[sdk=iphoneos*]" = "iPhone Developer";
				GCC_PRECOMPILE_PREFIX_HEADER = YES;
				GCC_PREFIX_HEADER = "EtrafaSor/EtrafaSor-Prefix.pch";
				INFOPLIST_FILE = "EtrafaSor/EtrafaSor-Info.plist";
				IPHONEOS_DEPLOYMENT_TARGET = 7.0;
				PRODUCT_NAME = "$(TARGET_NAME)";
				PROVISIONING_PROFILE = "";
				WRAPPER_EXTENSION = app;
			};
			name = Debug;
		};
		9FDD89D8188E818500DC7BB9 /* Release */ = {
			isa = XCBuildConfiguration;
			buildSettings = {
				ASSETCATALOG_COMPILER_APPICON_NAME = AppIcon;
				ASSETCATALOG_COMPILER_LAUNCHIMAGE_NAME = LaunchImage;
				CODE_SIGN_IDENTITY = "iPhone Developer";
				"CODE_SIGN_IDENTITY[sdk=iphoneos*]" = "iPhone Developer";
				GCC_PRECOMPILE_PREFIX_HEADER = YES;
				GCC_PREFIX_HEADER = "EtrafaSor/EtrafaSor-Prefix.pch";
				INFOPLIST_FILE = "EtrafaSor/EtrafaSor-Info.plist";
				IPHONEOS_DEPLOYMENT_TARGET = 7.0;
				PRODUCT_NAME = "$(TARGET_NAME)";
				PROVISIONING_PROFILE = "";
				WRAPPER_EXTENSION = app;
			};
			name = Release;
		};
		9FDD89DA188E818500DC7BB9 /* Debug */ = {
			isa = XCBuildConfiguration;
			buildSettings = {
				ARCHS = "$(ARCHS_STANDARD_INCLUDING_64_BIT)";
				BUNDLE_LOADER = "$(BUILT_PRODUCTS_DIR)/EtrafaSor.app/EtrafaSor";
				FRAMEWORK_SEARCH_PATHS = (
					"$(SDKROOT)/Developer/Library/Frameworks",
					"$(inherited)",
					"$(DEVELOPER_FRAMEWORKS_DIR)",
				);
				GCC_PRECOMPILE_PREFIX_HEADER = YES;
				GCC_PREFIX_HEADER = "EtrafaSor/EtrafaSor-Prefix.pch";
				GCC_PREPROCESSOR_DEFINITIONS = (
					"DEBUG=1",
					"$(inherited)",
				);
				INFOPLIST_FILE = "EtrafaSorTests/EtrafaSorTests-Info.plist";
				PRODUCT_NAME = "$(TARGET_NAME)";
				TEST_HOST = "$(BUNDLE_LOADER)";
				WRAPPER_EXTENSION = xctest;
			};
			name = Debug;
		};
		9FDD89DB188E818500DC7BB9 /* Release */ = {
			isa = XCBuildConfiguration;
			buildSettings = {
				ARCHS = "$(ARCHS_STANDARD_INCLUDING_64_BIT)";
				BUNDLE_LOADER = "$(BUILT_PRODUCTS_DIR)/EtrafaSor.app/EtrafaSor";
				FRAMEWORK_SEARCH_PATHS = (
					"$(SDKROOT)/Developer/Library/Frameworks",
					"$(inherited)",
					"$(DEVELOPER_FRAMEWORKS_DIR)",
				);
				GCC_PRECOMPILE_PREFIX_HEADER = YES;
				GCC_PREFIX_HEADER = "EtrafaSor/EtrafaSor-Prefix.pch";
				INFOPLIST_FILE = "EtrafaSorTests/EtrafaSorTests-Info.plist";
				PRODUCT_NAME = "$(TARGET_NAME)";
				TEST_HOST = "$(BUNDLE_LOADER)";
				WRAPPER_EXTENSION = xctest;
			};
			name = Release;
		};
/* End XCBuildConfiguration section */

/* Begin XCConfigurationList section */
		9FDD899C188E818500DC7BB9 /* Build configuration list for PBXProject "EtrafaSor" */ = {
			isa = XCConfigurationList;
			buildConfigurations = (
				9FDD89D4188E818500DC7BB9 /* Debug */,
				9FDD89D5188E818500DC7BB9 /* Release */,
			);
			defaultConfigurationIsVisible = 0;
			defaultConfigurationName = Release;
		};
		9FDD89D6188E818500DC7BB9 /* Build configuration list for PBXNativeTarget "EtrafaSor" */ = {
			isa = XCConfigurationList;
			buildConfigurations = (
				9FDD89D7188E818500DC7BB9 /* Debug */,
				9FDD89D8188E818500DC7BB9 /* Release */,
			);
			defaultConfigurationIsVisible = 0;
			defaultConfigurationName = Release;
		};
		9FDD89D9188E818500DC7BB9 /* Build configuration list for PBXNativeTarget "EtrafaSorTests" */ = {
			isa = XCConfigurationList;
			buildConfigurations = (
				9FDD89DA188E818500DC7BB9 /* Debug */,
				9FDD89DB188E818500DC7BB9 /* Release */,
			);
			defaultConfigurationIsVisible = 0;
			defaultConfigurationName = Release;
		};
/* End XCConfigurationList section */
	};
	rootObject = 9FDD8999188E818500DC7BB9 /* Project object */;
}
